// !$*UTF8*$!
{
	archiveVersion = 1;
	classes = {
	};
	objectVersion = 56;
	objects = {

/* Begin PBXBuildFile section */
		6C543D08299781D100B4077A /* AppDelegate.swift in Sources */ = {isa = PBXBuildFile; fileRef = 6C543D07299781D100B4077A /* AppDelegate.swift */; };
		6C543D0A299781D100B4077A /* SceneDelegate.swift in Sources */ = {isa = PBXBuildFile; fileRef = 6C543D09299781D100B4077A /* SceneDelegate.swift */; };
		6C543D0F299781D100B4077A /* Main.storyboard in Resources */ = {isa = PBXBuildFile; fileRef = 6C543D0D299781D100B4077A /* Main.storyboard */; };
		6C543D12299781D100B4077A /* Notes.xcdatamodeld in Sources */ = {isa = PBXBuildFile; fileRef = 6C543D10299781D100B4077A /* Notes.xcdatamodeld */; };
		6C543D14299781D200B4077A /* Assets.xcassets in Resources */ = {isa = PBXBuildFile; fileRef = 6C543D13299781D200B4077A /* Assets.xcassets */; };
		6C543D17299781D200B4077A /* LaunchScreen.storyboard in Resources */ = {isa = PBXBuildFile; fileRef = 6C543D15299781D200B4077A /* LaunchScreen.storyboard */; };
		6C543D22299781D300B4077A /* NotesTests.swift in Sources */ = {isa = PBXBuildFile; fileRef = 6C543D21299781D300B4077A /* NotesTests.swift */; };
		6C543D2C299781D300B4077A /* NotesUITests.swift in Sources */ = {isa = PBXBuildFile; fileRef = 6C543D2B299781D300B4077A /* NotesUITests.swift */; };
		6C543D2E299781D300B4077A /* NotesUITestsLaunchTests.swift in Sources */ = {isa = PBXBuildFile; fileRef = 6C543D2D299781D300B4077A /* NotesUITestsLaunchTests.swift */; };
		6C7623272998F05700EC5AEC /* NotesViewController.swift in Sources */ = {isa = PBXBuildFile; fileRef = 6C7623262998F05700EC5AEC /* NotesViewController.swift */; };
		6C7623292998F07300EC5AEC /* NotesDetailsTableViewController.swift in Sources */ = {isa = PBXBuildFile; fileRef = 6C7623282998F07300EC5AEC /* NotesDetailsTableViewController.swift */; };
		6C76232C2998FA3900EC5AEC /* Note+CoreDataClass.swift in Sources */ = {isa = PBXBuildFile; fileRef = 6C76232A2998FA3900EC5AEC /* Note+CoreDataClass.swift */; };
		6C76232D2998FA3900EC5AEC /* Note+CoreDataProperties.swift in Sources */ = {isa = PBXBuildFile; fileRef = 6C76232B2998FA3900EC5AEC /* Note+CoreDataProperties.swift */; };
/* End PBXBuildFile section */

/* Begin PBXContainerItemProxy section */
		6C543D1E299781D300B4077A /* PBXContainerItemProxy */ = {
			isa = PBXContainerItemProxy;
			containerPortal = 6C543CFC299781D100B4077A /* Project object */;
			proxyType = 1;
			remoteGlobalIDString = 6C543D03299781D100B4077A;
			remoteInfo = Notes;
		};
		6C543D28299781D300B4077A /* PBXContainerItemProxy */ = {
			isa = PBXContainerItemProxy;
			containerPortal = 6C543CFC299781D100B4077A /* Project object */;
			proxyType = 1;
			remoteGlobalIDString = 6C543D03299781D100B4077A;
			remoteInfo = Notes;
		};
/* End PBXContainerItemProxy section */

/* Begin PBXFileReference section */
		6C543D04299781D100B4077A /* Notes.app */ = {isa = PBXFileReference; explicitFileType = wrapper.application; includeInIndex = 0; path = Notes.app; sourceTree = BUILT_PRODUCTS_DIR; };
		6C543D07299781D100B4077A /* AppDelegate.swift */ = {isa = PBXFileReference; lastKnownFileType = sourcecode.swift; path = AppDelegate.swift; sourceTree = "<group>"; };
		6C543D09299781D100B4077A /* SceneDelegate.swift */ = {isa = PBXFileReference; lastKnownFileType = sourcecode.swift; path = SceneDelegate.swift; sourceTree = "<group>"; };
		6C543D0E299781D100B4077A /* Base */ = {isa = PBXFileReference; lastKnownFileType = file.storyboard; name = Base; path = Base.lproj/Main.storyboard; sourceTree = "<group>"; };
		6C543D11299781D100B4077A /* Notes.xcdatamodel */ = {isa = PBXFileReference; lastKnownFileType = wrapper.xcdatamodel; path = Notes.xcdatamodel; sourceTree = "<group>"; };
		6C543D13299781D200B4077A /* Assets.xcassets */ = {isa = PBXFileReference; lastKnownFileType = folder.assetcatalog; path = Assets.xcassets; sourceTree = "<group>"; };
		6C543D16299781D200B4077A /* Base */ = {isa = PBXFileReference; lastKnownFileType = file.storyboard; name = Base; path = Base.lproj/LaunchScreen.storyboard; sourceTree = "<group>"; };
		6C543D18299781D200B4077A /* Info.plist */ = {isa = PBXFileReference; lastKnownFileType = text.plist.xml; path = Info.plist; sourceTree = "<group>"; };
		6C543D1D299781D300B4077A /* NotesTests.xctest */ = {isa = PBXFileReference; explicitFileType = wrapper.cfbundle; includeInIndex = 0; path = NotesTests.xctest; sourceTree = BUILT_PRODUCTS_DIR; };
		6C543D21299781D300B4077A /* NotesTests.swift */ = {isa = PBXFileReference; lastKnownFileType = sourcecode.swift; path = NotesTests.swift; sourceTree = "<group>"; };
		6C543D27299781D300B4077A /* NotesUITests.xctest */ = {isa = PBXFileReference; explicitFileType = wrapper.cfbundle; includeInIndex = 0; path = NotesUITests.xctest; sourceTree = BUILT_PRODUCTS_DIR; };
		6C543D2B299781D300B4077A /* NotesUITests.swift */ = {isa = PBXFileReference; lastKnownFileType = sourcecode.swift; path = NotesUITests.swift; sourceTree = "<group>"; };
		6C543D2D299781D300B4077A /* NotesUITestsLaunchTests.swift */ = {isa = PBXFileReference; lastKnownFileType = sourcecode.swift; path = NotesUITestsLaunchTests.swift; sourceTree = "<group>"; };
		6C7623262998F05700EC5AEC /* NotesViewController.swift */ = {isa = PBXFileReference; lastKnownFileType = sourcecode.swift; path = NotesViewController.swift; sourceTree = "<group>"; };
		6C7623282998F07300EC5AEC /* NotesDetailsTableViewController.swift */ = {isa = PBXFileReference; lastKnownFileType = sourcecode.swift; path = NotesDetailsTableViewController.swift; sourceTree = "<group>"; };
		6C76232A2998FA3900EC5AEC /* Note+CoreDataClass.swift */ = {isa = PBXFileReference; lastKnownFileType = sourcecode.swift; path = "Note+CoreDataClass.swift"; sourceTree = "<group>"; };
		6C76232B2998FA3900EC5AEC /* Note+CoreDataProperties.swift */ = {isa = PBXFileReference; lastKnownFileType = sourcecode.swift; path = "Note+CoreDataProperties.swift"; sourceTree = "<group>"; };
/* End PBXFileReference section */

/* Begin PBXFrameworksBuildPhase section */
		6C543D01299781D100B4077A /* Frameworks */ = {
			isa = PBXFrameworksBuildPhase;
			buildActionMask = 2147483647;
			files = (
			);
			runOnlyForDeploymentPostprocessing = 0;
		};
		6C543D1A299781D300B4077A /* Frameworks */ = {
			isa = PBXFrameworksBuildPhase;
			buildActionMask = 2147483647;
			files = (
			);
			runOnlyForDeploymentPostprocessing = 0;
		};
		6C543D24299781D300B4077A /* Frameworks */ = {
			isa = PBXFrameworksBuildPhase;
			buildActionMask = 2147483647;
			files = (
			);
			runOnlyForDeploymentPostprocessing = 0;
		};
/* End PBXFrameworksBuildPhase section */

/* Begin PBXGroup section */
		6C543CFB299781D100B4077A = {
			isa = PBXGroup;
			children = (
				6C543D06299781D100B4077A /* Notes */,
				6C543D20299781D300B4077A /* NotesTests */,
				6C543D2A299781D300B4077A /* NotesUITests */,
				6C543D05299781D100B4077A /* Products */,
			);
			sourceTree = "<group>";
		};
		6C543D05299781D100B4077A /* Products */ = {
			isa = PBXGroup;
			children = (
				6C543D04299781D100B4077A /* Notes.app */,
				6C543D1D299781D300B4077A /* NotesTests.xctest */,
				6C543D27299781D300B4077A /* NotesUITests.xctest */,
			);
			name = Products;
			sourceTree = "<group>";
		};
		6C543D06299781D100B4077A /* Notes */ = {
			isa = PBXGroup;
			children = (
				6C76232E2998FA3D00EC5AEC /* CoreData */,
				6C543D402997845500B4077A /* System */,
				6C543D3E2997843900B4077A /* Controller */,
				6C543D13299781D200B4077A /* Assets.xcassets */,
				6C543D15299781D200B4077A /* LaunchScreen.storyboard */,
				6C543D18299781D200B4077A /* Info.plist */,
				6C543D10299781D100B4077A /* Notes.xcdatamodeld */,
			);
			path = Notes;
			sourceTree = "<group>";
		};
		6C543D20299781D300B4077A /* NotesTests */ = {
			isa = PBXGroup;
			children = (
				6C543D21299781D300B4077A /* NotesTests.swift */,
			);
			path = NotesTests;
			sourceTree = "<group>";
		};
		6C543D2A299781D300B4077A /* NotesUITests */ = {
			isa = PBXGroup;
			children = (
				6C543D2B299781D300B4077A /* NotesUITests.swift */,
				6C543D2D299781D300B4077A /* NotesUITestsLaunchTests.swift */,
			);
			path = NotesUITests;
			sourceTree = "<group>";
		};
		6C543D3E2997843900B4077A /* Controller */ = {
			isa = PBXGroup;
			children = (
				6C543D0D299781D100B4077A /* Main.storyboard */,
				6C7623262998F05700EC5AEC /* NotesViewController.swift */,
				6C7623282998F07300EC5AEC /* NotesDetailsTableViewController.swift */,
			);
			path = Controller;
			sourceTree = "<group>";
		};
		6C543D402997845500B4077A /* System */ = {
			isa = PBXGroup;
			children = (
				6C543D07299781D100B4077A /* AppDelegate.swift */,
				6C543D09299781D100B4077A /* SceneDelegate.swift */,
			);
			path = System;
			sourceTree = "<group>";
		};
		6C76232E2998FA3D00EC5AEC /* CoreData */ = {
			isa = PBXGroup;
			children = (
				6C76232A2998FA3900EC5AEC /* Note+CoreDataClass.swift */,
				6C76232B2998FA3900EC5AEC /* Note+CoreDataProperties.swift */,
			);
			path = CoreData;
			sourceTree = "<group>";
		};
/* End PBXGroup section */

/* Begin PBXNativeTarget section */
		6C543D03299781D100B4077A /* Notes */ = {
			isa = PBXNativeTarget;
			buildConfigurationList = 6C543D31299781D300B4077A /* Build configuration list for PBXNativeTarget "Notes" */;
			buildPhases = (
				6C543D00299781D100B4077A /* Sources */,
				6C543D01299781D100B4077A /* Frameworks */,
				6C543D02299781D100B4077A /* Resources */,
			);
			buildRules = (
			);
			dependencies = (
			);
			name = Notes;
			productName = Notes;
			productReference = 6C543D04299781D100B4077A /* Notes.app */;
			productType = "com.apple.product-type.application";
		};
		6C543D1C299781D300B4077A /* NotesTests */ = {
			isa = PBXNativeTarget;
			buildConfigurationList = 6C543D34299781D300B4077A /* Build configuration list for PBXNativeTarget "NotesTests" */;
			buildPhases = (
				6C543D19299781D300B4077A /* Sources */,
				6C543D1A299781D300B4077A /* Frameworks */,
				6C543D1B299781D300B4077A /* Resources */,
			);
			buildRules = (
			);
			dependencies = (
				6C543D1F299781D300B4077A /* PBXTargetDependency */,
			);
			name = NotesTests;
			productName = NotesTests;
			productReference = 6C543D1D299781D300B4077A /* NotesTests.xctest */;
			productType = "com.apple.product-type.bundle.unit-test";
		};
		6C543D26299781D300B4077A /* NotesUITests */ = {
			isa = PBXNativeTarget;
			buildConfigurationList = 6C543D37299781D300B4077A /* Build configuration list for PBXNativeTarget "NotesUITests" */;
			buildPhases = (
				6C543D23299781D300B4077A /* Sources */,
				6C543D24299781D300B4077A /* Frameworks */,
				6C543D25299781D300B4077A /* Resources */,
			);
			buildRules = (
			);
			dependencies = (
				6C543D29299781D300B4077A /* PBXTargetDependency */,
			);
			name = NotesUITests;
			productName = NotesUITests;
			productReference = 6C543D27299781D300B4077A /* NotesUITests.xctest */;
			productType = "com.apple.product-type.bundle.ui-testing";
		};
/* End PBXNativeTarget section */

/* Begin PBXProject section */
		6C543CFC299781D100B4077A /* Project object */ = {
			isa = PBXProject;
			attributes = {
				BuildIndependentTargetsInParallel = 1;
				LastSwiftUpdateCheck = 1420;
				LastUpgradeCheck = 1420;
				TargetAttributes = {
					6C543D03299781D100B4077A = {
						CreatedOnToolsVersion = 14.2;
					};
					6C543D1C299781D300B4077A = {
						CreatedOnToolsVersion = 14.2;
						TestTargetID = 6C543D03299781D100B4077A;
					};
					6C543D26299781D300B4077A = {
						CreatedOnToolsVersion = 14.2;
						TestTargetID = 6C543D03299781D100B4077A;
					};
				};
			};
			buildConfigurationList = 6C543CFF299781D100B4077A /* Build configuration list for PBXProject "Notes" */;
			compatibilityVersion = "Xcode 14.0";
			developmentRegion = en;
			hasScannedForEncodings = 0;
			knownRegions = (
				en,
				Base,
			);
			mainGroup = 6C543CFB299781D100B4077A;
			productRefGroup = 6C543D05299781D100B4077A /* Products */;
			projectDirPath = "";
			projectRoot = "";
			targets = (
				6C543D03299781D100B4077A /* Notes */,
				6C543D1C299781D300B4077A /* NotesTests */,
				6C543D26299781D300B4077A /* NotesUITests */,
			);
		};
/* End PBXProject section */

/* Begin PBXResourcesBuildPhase section */
		6C543D02299781D100B4077A /* Resources */ = {
			isa = PBXResourcesBuildPhase;
			buildActionMask = 2147483647;
			files = (
				6C543D17299781D200B4077A /* LaunchScreen.storyboard in Resources */,
				6C543D14299781D200B4077A /* Assets.xcassets in Resources */,
				6C543D0F299781D100B4077A /* Main.storyboard in Resources */,
			);
			runOnlyForDeploymentPostprocessing = 0;
		};
		6C543D1B299781D300B4077A /* Resources */ = {
			isa = PBXResourcesBuildPhase;
			buildActionMask = 2147483647;
			files = (
			);
			runOnlyForDeploymentPostprocessing = 0;
		};
		6C543D25299781D300B4077A /* Resources */ = {
			isa = PBXResourcesBuildPhase;
			buildActionMask = 2147483647;
			files = (
			);
			runOnlyForDeploymentPostprocessing = 0;
		};
/* End PBXResourcesBuildPhase section */

/* Begin PBXSourcesBuildPhase section */
		6C543D00299781D100B4077A /* Sources */ = {
			isa = PBXSourcesBuildPhase;
			buildActionMask = 2147483647;
			files = (
				6C7623272998F05700EC5AEC /* NotesViewController.swift in Sources */,
				6C76232D2998FA3900EC5AEC /* Note+CoreDataProperties.swift in Sources */,
				6C543D08299781D100B4077A /* AppDelegate.swift in Sources */,
				6C7623292998F07300EC5AEC /* NotesDetailsTableViewController.swift in Sources */,
				6C76232C2998FA3900EC5AEC /* Note+CoreDataClass.swift in Sources */,
				6C543D0A299781D100B4077A /* SceneDelegate.swift in Sources */,
				6C543D12299781D100B4077A /* Notes.xcdatamodeld in Sources */,
			);
			runOnlyForDeploymentPostprocessing = 0;
		};
		6C543D19299781D300B4077A /* Sources */ = {
			isa = PBXSourcesBuildPhase;
			buildActionMask = 2147483647;
			files = (
				6C543D22299781D300B4077A /* NotesTests.swift in Sources */,
			);
			runOnlyForDeploymentPostprocessing = 0;
		};
		6C543D23299781D300B4077A /* Sources */ = {
			isa = PBXSourcesBuildPhase;
			buildActionMask = 2147483647;
			files = (
				6C543D2E299781D300B4077A /* NotesUITestsLaunchTests.swift in Sources */,
				6C543D2C299781D300B4077A /* NotesUITests.swift in Sources */,
			);
			runOnlyForDeploymentPostprocessing = 0;
		};
/* End PBXSourcesBuildPhase section */

/* Begin PBXTargetDependency section */
		6C543D1F299781D300B4077A /* PBXTargetDependency */ = {
			isa = PBXTargetDependency;
			target = 6C543D03299781D100B4077A /* Notes */;
			targetProxy = 6C543D1E299781D300B4077A /* PBXContainerItemProxy */;
		};
		6C543D29299781D300B4077A /* PBXTargetDependency */ = {
			isa = PBXTargetDependency;
			target = 6C543D03299781D100B4077A /* Notes */;
			targetProxy = 6C543D28299781D300B4077A /* PBXContainerItemProxy */;
		};
/* End PBXTargetDependency section */

/* Begin PBXVariantGroup section */
		6C543D0D299781D100B4077A /* Main.storyboard */ = {
			isa = PBXVariantGroup;
			children = (
				6C543D0E299781D100B4077A /* Base */,
			);
			name = Main.storyboard;
			sourceTree = "<group>";
		};
		6C543D15299781D200B4077A /* LaunchScreen.storyboard */ = {
			isa = PBXVariantGroup;
			children = (
				6C543D16299781D200B4077A /* Base */,
			);
			name = LaunchScreen.storyboard;
			sourceTree = "<group>";
		};
/* End PBXVariantGroup section */

/* Begin XCBuildConfiguration section */
		6C543D2F299781D300B4077A /* Debug */ = {
			isa = XCBuildConfiguration;
			buildSettings = {
				ALWAYS_SEARCH_USER_PATHS = NO;
				CLANG_ANALYZER_NONNULL = YES;
				CLANG_ANALYZER_NUMBER_OBJECT_CONVERSION = YES_AGGRESSIVE;
				CLANG_CXX_LANGUAGE_STANDARD = "gnu++20";
				CLANG_ENABLE_MODULES = YES;
				CLANG_ENABLE_OBJC_ARC = YES;
				CLANG_ENABLE_OBJC_WEAK = YES;
				CLANG_WARN_BLOCK_CAPTURE_AUTORELEASING = YES;
				CLANG_WARN_BOOL_CONVERSION = YES;
				CLANG_WARN_COMMA = YES;
				CLANG_WARN_CONSTANT_CONVERSION = YES;
				CLANG_WARN_DEPRECATED_OBJC_IMPLEMENTATIONS = YES;
				CLANG_WARN_DIRECT_OBJC_ISA_USAGE = YES_ERROR;
				CLANG_WARN_DOCUMENTATION_COMMENTS = YES;
				CLANG_WARN_EMPTY_BODY = YES;
				CLANG_WARN_ENUM_CONVERSION = YES;
				CLANG_WARN_INFINITE_RECURSION = YES;
				CLANG_WARN_INT_CONVERSION = YES;
				CLANG_WARN_NON_LITERAL_NULL_CONVERSION = YES;
				CLANG_WARN_OBJC_IMPLICIT_RETAIN_SELF = YES;
				CLANG_WARN_OBJC_LITERAL_CONVERSION = YES;
				CLANG_WARN_OBJC_ROOT_CLASS = YES_ERROR;
				CLANG_WARN_QUOTED_INCLUDE_IN_FRAMEWORK_HEADER = YES;
				CLANG_WARN_RANGE_LOOP_ANALYSIS = YES;
				CLANG_WARN_STRICT_PROTOTYPES = YES;
				CLANG_WARN_SUSPICIOUS_MOVE = YES;
				CLANG_WARN_UNGUARDED_AVAILABILITY = YES_AGGRESSIVE;
				CLANG_WARN_UNREACHABLE_CODE = YES;
				CLANG_WARN__DUPLICATE_METHOD_MATCH = YES;
				COPY_PHASE_STRIP = NO;
				DEBUG_INFORMATION_FORMAT = dwarf;
				ENABLE_STRICT_OBJC_MSGSEND = YES;
				ENABLE_TESTABILITY = YES;
				GCC_C_LANGUAGE_STANDARD = gnu11;
				GCC_DYNAMIC_NO_PIC = NO;
				GCC_NO_COMMON_BLOCKS = YES;
				GCC_OPTIMIZATION_LEVEL = 0;
				GCC_PREPROCESSOR_DEFINITIONS = (
					"DEBUG=1",
					"$(inherited)",
				);
				GCC_WARN_64_TO_32_BIT_CONVERSION = YES;
				GCC_WARN_ABOUT_RETURN_TYPE = YES_ERROR;
				GCC_WARN_UNDECLARED_SELECTOR = YES;
				GCC_WARN_UNINITIALIZED_AUTOS = YES_AGGRESSIVE;
				GCC_WARN_UNUSED_FUNCTION = YES;
				GCC_WARN_UNUSED_VARIABLE = YES;
				IPHONEOS_DEPLOYMENT_TARGET = 16.2;
				MTL_ENABLE_DEBUG_INFO = INCLUDE_SOURCE;
				MTL_FAST_MATH = YES;
				ONLY_ACTIVE_ARCH = YES;
				SDKROOT = iphoneos;
				SWIFT_ACTIVE_COMPILATION_CONDITIONS = DEBUG;
				SWIFT_OPTIMIZATION_LEVEL = "-Onone";
			};
			name = Debug;
		};
		6C543D30299781D300B4077A /* Release */ = {
			isa = XCBuildConfiguration;
			buildSettings = {
				ALWAYS_SEARCH_USER_PATHS = NO;
				CLANG_ANALYZER_NONNULL = YES;
				CLANG_ANALYZER_NUMBER_OBJECT_CONVERSION = YES_AGGRESSIVE;
				CLANG_CXX_LANGUAGE_STANDARD = "gnu++20";
				CLANG_ENABLE_MODULES = YES;
				CLANG_ENABLE_OBJC_ARC = YES;
				CLANG_ENABLE_OBJC_WEAK = YES;
				CLANG_WARN_BLOCK_CAPTURE_AUTORELEASING = YES;
				CLANG_WARN_BOOL_CONVERSION = YES;
				CLANG_WARN_COMMA = YES;
				CLANG_WARN_CONSTANT_CONVERSION = YES;
				CLANG_WARN_DEPRECATED_OBJC_IMPLEMENTATIONS = YES;
				CLANG_WARN_DIRECT_OBJC_ISA_USAGE = YES_ERROR;
				CLANG_WARN_DOCUMENTATION_COMMENTS = YES;
				CLANG_WARN_EMPTY_BODY = YES;
				CLANG_WARN_ENUM_CONVERSION = YES;
				CLANG_WARN_INFINITE_RECURSION = YES;
				CLANG_WARN_INT_CONVERSION = YES;
				CLANG_WARN_NON_LITERAL_NULL_CONVERSION = YES;
				CLANG_WARN_OBJC_IMPLICIT_RETAIN_SELF = YES;
				CLANG_WARN_OBJC_LITERAL_CONVERSION = YES;
				CLANG_WARN_OBJC_ROOT_CLASS = YES_ERROR;
				CLANG_WARN_QUOTED_INCLUDE_IN_FRAMEWORK_HEADER = YES;
				CLANG_WARN_RANGE_LOOP_ANALYSIS = YES;
				CLANG_WARN_STRICT_PROTOTYPES = YES;
				CLANG_WARN_SUSPICIOUS_MOVE = YES;
				CLANG_WARN_UNGUARDED_AVAILABILITY = YES_AGGRESSIVE;
				CLANG_WARN_UNREACHABLE_CODE = YES;
				CLANG_WARN__DUPLICATE_METHOD_MATCH = YES;
				COPY_PHASE_STRIP = NO;
				DEBUG_INFORMATION_FORMAT = "dwarf-with-dsym";
				ENABLE_NS_ASSERTIONS = NO;
				ENABLE_STRICT_OBJC_MSGSEND = YES;
				GCC_C_LANGUAGE_STANDARD = gnu11;
				GCC_NO_COMMON_BLOCKS = YES;
				GCC_WARN_64_TO_32_BIT_CONVERSION = YES;
				GCC_WARN_ABOUT_RETURN_TYPE = YES_ERROR;
				GCC_WARN_UNDECLARED_SELECTOR = YES;
				GCC_WARN_UNINITIALIZED_AUTOS = YES_AGGRESSIVE;
				GCC_WARN_UNUSED_FUNCTION = YES;
				GCC_WARN_UNUSED_VARIABLE = YES;
				IPHONEOS_DEPLOYMENT_TARGET = 16.2;
				MTL_ENABLE_DEBUG_INFO = NO;
				MTL_FAST_MATH = YES;
				SDKROOT = iphoneos;
				SWIFT_COMPILATION_MODE = wholemodule;
				SWIFT_OPTIMIZATION_LEVEL = "-O";
				VALIDATE_PRODUCT = YES;
			};
			name = Release;
		};
		6C543D32299781D300B4077A /* Debug */ = {
			isa = XCBuildConfiguration;
			buildSettings = {
				ASSETCATALOG_COMPILER_APPICON_NAME = AppIcon;
				ASSETCATALOG_COMPILER_GLOBAL_ACCENT_COLOR_NAME = AccentColor;
				CODE_SIGN_STYLE = Automatic;
				CURRENT_PROJECT_VERSION = 1;
				DEVELOPMENT_TEAM = 88MNYF3498;
				GENERATE_INFOPLIST_FILE = YES;
				INFOPLIST_FILE = Notes/Info.plist;
				INFOPLIST_KEY_UIApplicationSupportsIndirectInputEvents = YES;
				INFOPLIST_KEY_UILaunchStoryboardName = LaunchScreen;
				INFOPLIST_KEY_UIMainStoryboardFile = Main;
				INFOPLIST_KEY_UISupportedInterfaceOrientations_iPad = "UIInterfaceOrientationPortrait UIInterfaceOrientationPortraitUpsideDown UIInterfaceOrientationLandscapeLeft UIInterfaceOrientationLandscapeRight";
				INFOPLIST_KEY_UISupportedInterfaceOrientations_iPhone = "UIInterfaceOrientationPortrait UIInterfaceOrientationLandscapeLeft UIInterfaceOrientationLandscapeRight";
				LD_RUNPATH_SEARCH_PATHS = (
					"$(inherited)",
					"@executable_path/Frameworks",
				);
				MARKETING_VERSION = 1.0;
				PRODUCT_BUNDLE_IDENTIFIER = kashem.com.Notes;
				PRODUCT_NAME = "$(TARGET_NAME)";
				SWIFT_EMIT_LOC_STRINGS = YES;
				SWIFT_VERSION = 5.0;
				TARGETED_DEVICE_FAMILY = "1,2";
			};
			name = Debug;
		};
		6C543D33299781D300B4077A /* Release */ = {
			isa = XCBuildConfiguration;
			buildSettings = {
				ASSETCATALOG_COMPILER_APPICON_NAME = AppIcon;
				ASSETCATALOG_COMPILER_GLOBAL_ACCENT_COLOR_NAME = AccentColor;
				CODE_SIGN_STYLE = Automatic;
				CURRENT_PROJECT_VERSION = 1;
				DEVELOPMENT_TEAM = 88MNYF3498;
				GENERATE_INFOPLIST_FILE = YES;
				INFOPLIST_FILE = Notes/Info.plist;
				INFOPLIST_KEY_UIApplicationSupportsIndirectInputEvents = YES;
				INFOPLIST_KEY_UILaunchStoryboardName = LaunchScreen;
				INFOPLIST_KEY_UIMainStoryboardFile = Main;
				INFOPLIST_KEY_UISupportedInterfaceOrientations_iPad = "UIInterfaceOrientationPortrait UIInterfaceOrientationPortraitUpsideDown UIInterfaceOrientationLandscapeLeft UIInterfaceOrientationLandscapeRight";
				INFOPLIST_KEY_UISupportedInterfaceOrientations_iPhone = "UIInterfaceOrientationPortrait UIInterfaceOrientationLandscapeLeft UIInterfaceOrientationLandscapeRight";
				LD_RUNPATH_SEARCH_PATHS = (
					"$(inherited)",
					"@executable_path/Frameworks",
				);
				MARKETING_VERSION = 1.0;
				PRODUCT_BUNDLE_IDENTIFIER = kashem.com.Notes;
				PRODUCT_NAME = "$(TARGET_NAME)";
				SWIFT_EMIT_LOC_STRINGS = YES;
				SWIFT_VERSION = 5.0;
				TARGETED_DEVICE_FAMILY = "1,2";
			};
			name = Release;
		};
		6C543D35299781D300B4077A /* Debug */ = {
			isa = XCBuildConfiguration;
			buildSettings = {
				ALWAYS_EMBED_SWIFT_STANDARD_LIBRARIES = YES;
				BUNDLE_LOADER = "$(TEST_HOST)";
				CODE_SIGN_STYLE = Automatic;
				CURRENT_PROJECT_VERSION = 1;
				DEVELOPMENT_TEAM = 88MNYF3498;
				GENERATE_INFOPLIST_FILE = YES;
				IPHONEOS_DEPLOYMENT_TARGET = 16.2;
				MARKETING_VERSION = 1.0;
				PRODUCT_BUNDLE_IDENTIFIER = kashem.com.NotesTests;
				PRODUCT_NAME = "$(TARGET_NAME)";
				SWIFT_EMIT_LOC_STRINGS = NO;
				SWIFT_VERSION = 5.0;
				TARGETED_DEVICE_FAMILY = "1,2";
				TEST_HOST = "$(BUILT_PRODUCTS_DIR)/Notes.app/$(BUNDLE_EXECUTABLE_FOLDER_PATH)/Notes";
			};
			name = Debug;
		};
		6C543D36299781D300B4077A /* Release */ = {
			isa = XCBuildConfiguration;
			buildSettings = {
				ALWAYS_EMBED_SWIFT_STANDARD_LIBRARIES = YES;
				BUNDLE_LOADER = "$(TEST_HOST)";
				CODE_SIGN_STYLE = Automatic;
				CURRENT_PROJECT_VERSION = 1;
				DEVELOPMENT_TEAM = 88MNYF3498;
				GENERATE_INFOPLIST_FILE = YES;
				IPHONEOS_DEPLOYMENT_TARGET = 16.2;
				MARKETING_VERSION = 1.0;
				PRODUCT_BUNDLE_IDENTIFIER = kashem.com.NotesTests;
				PRODUCT_NAME = "$(TARGET_NAME)";
				SWIFT_EMIT_LOC_STRINGS = NO;
				SWIFT_VERSION = 5.0;
				TARGETED_DEVICE_FAMILY = "1,2";
				TEST_HOST = "$(BUILT_PRODUCTS_DIR)/Notes.app/$(BUNDLE_EXECUTABLE_FOLDER_PATH)/Notes";
			};
			name = Release;
		};
		6C543D38299781D300B4077A /* Debug */ = {
			isa = XCBuildConfiguration;
			buildSettings = {
				ALWAYS_EMBED_SWIFT_STANDARD_LIBRARIES = YES;
				CODE_SIGN_STYLE = Automatic;
				CURRENT_PROJECT_VERSION = 1;
				DEVELOPMENT_TEAM = 88MNYF3498;
				GENERATE_INFOPLIST_FILE = YES;
				MARKETING_VERSION = 1.0;
				PRODUCT_BUNDLE_IDENTIFIER = kashem.com.NotesUITests;
				PRODUCT_NAME = "$(TARGET_NAME)";
				SWIFT_EMIT_LOC_STRINGS = NO;
				SWIFT_VERSION = 5.0;
				TARGETED_DEVICE_FAMILY = "1,2";
				TEST_TARGET_NAME = Notes;
			};
			name = Debug;
		};
		6C543D39299781D300B4077A /* Release */ = {
			isa = XCBuildConfiguration;
			buildSettings = {
				ALWAYS_EMBED_SWIFT_STANDARD_LIBRARIES = YES;
				CODE_SIGN_STYLE = Automatic;
				CURRENT_PROJECT_VERSION = 1;
				DEVELOPMENT_TEAM = 88MNYF3498;
				GENERATE_INFOPLIST_FILE = YES;
				MARKETING_VERSION = 1.0;
				PRODUCT_BUNDLE_IDENTIFIER = kashem.com.NotesUITests;
				PRODUCT_NAME = "$(TARGET_NAME)";
				SWIFT_EMIT_LOC_STRINGS = NO;
				SWIFT_VERSION = 5.0;
				TARGETED_DEVICE_FAMILY = "1,2";
				TEST_TARGET_NAME = Notes;
			};
			name = Release;
		};
/* End XCBuildConfiguration section */

/* Begin XCConfigurationList section */
		6C543CFF299781D100B4077A /* Build configuration list for PBXProject "Notes" */ = {
			isa = XCConfigurationList;
			buildConfigurations = (
				6C543D2F299781D300B4077A /* Debug */,
				6C543D30299781D300B4077A /* Release */,
			);
			defaultConfigurationIsVisible = 0;
			defaultConfigurationName = Release;
		};
		6C543D31299781D300B4077A /* Build configuration list for PBXNativeTarget "Notes" */ = {
			isa = XCConfigurationList;
			buildConfigurations = (
				6C543D32299781D300B4077A /* Debug */,
				6C543D33299781D300B4077A /* Release */,
			);
			defaultConfigurationIsVisible = 0;
			defaultConfigurationName = Release;
		};
		6C543D34299781D300B4077A /* Build configuration list for PBXNativeTarget "NotesTests" */ = {
			isa = XCConfigurationList;
			buildConfigurations = (
				6C543D35299781D300B4077A /* Debug */,
				6C543D36299781D300B4077A /* Release */,
			);
			defaultConfigurationIsVisible = 0;
			defaultConfigurationName = Release;
		};
		6C543D37299781D300B4077A /* Build configuration list for PBXNativeTarget "NotesUITests" */ = {
			isa = XCConfigurationList;
			buildConfigurations = (
				6C543D38299781D300B4077A /* Debug */,
				6C543D39299781D300B4077A /* Release */,
			);
			defaultConfigurationIsVisible = 0;
			defaultConfigurationName = Release;
		};
/* End XCConfigurationList section */

/* Begin XCVersionGroup section */
		6C543D10299781D100B4077A /* Notes.xcdatamodeld */ = {
			isa = XCVersionGroup;
			children = (
				6C543D11299781D100B4077A /* Notes.xcdatamodel */,
			);
			currentVersion = 6C543D11299781D100B4077A /* Notes.xcdatamodel */;
			path = Notes.xcdatamodeld;
			sourceTree = "<group>";
			versionGroupType = wrapper.xcdatamodel;
		};
/* End XCVersionGroup section */
	};
	rootObject = 6C543CFC299781D100B4077A /* Project object */;
}
